
Microsoft Visual Studio Solution File, Format Version 11.00
# Visual Studio 2010
Project("{FAE04EC0-301F-11D3-BF4B-00C04F79EFBC}") = "Elringus.Naninovel.Runtime", "Elringus.Naninovel.Runtime.csproj", "{36b424b7-41b4-252a-56fa-9946562e8079}"
EndProject
Project("{FAE04EC0-301F-11D3-BF4B-00C04F79EFBC}") = "UniRx.Async", "UniRx.Async.csproj", "{8b6124cd-ed31-839a-807d-da5deac79533}"
EndProject
Project("{FAE04EC0-301F-11D3-BF4B-00C04F79EFBC}") = "Assembly-CSharp", "Assembly-CSharp.csproj", "{f2cbd729-c522-02f9-2df6-df8802e77c91}"
EndProject
Project("{FAE04EC0-301F-11D3-BF4B-00C04F79EFBC}") = "Elringus.Naninovel.Editor", "Elringus.Naninovel.Editor.csproj", "{1ae8336e-edd7-5b13-cb25-8f0b6047a75c}"
EndProject
Global
	GlobalSection(SolutionConfigurationPlatforms) = preSolution
		Debug|Any CPU = Debug|Any CPU
	EndGlobalSection
	GlobalSection(ProjectConfigurationPlatforms) = postSolution
		{36b424b7-41b4-252a-56fa-9946562e8079}.Debug|Any CPU.ActiveCfg = Debug|Any CPU
		{36b424b7-41b4-252a-56fa-9946562e8079}.Debug|Any CPU.Build.0 = Debug|Any CPU
		{8b6124cd-ed31-839a-807d-da5deac79533}.Debug|Any CPU.ActiveCfg = Debug|Any CPU
		{8b6124cd-ed31-839a-807d-da5deac79533}.Debug|Any CPU.Build.0 = Debug|Any CPU
		{f2cbd729-c522-02f9-2df6-df8802e77c91}.Debug|Any CPU.ActiveCfg = Debug|Any CPU
		{f2cbd729-c522-02f9-2df6-df8802e77c91}.Debug|Any CPU.Build.0 = Debug|Any CPU
		{1ae8336e-edd7-5b13-cb25-8f0b6047a75c}.Debug|Any CPU.ActiveCfg = Debug|Any CPU
		{1ae8336e-edd7-5b13-cb25-8f0b6047a75c}.Debug|Any CPU.Build.0 = Debug|Any CPU
	EndGlobalSection
	GlobalSection(SolutionProperties) = preSolution
		HideSolutionNode = FALSE
	EndGlobalSection
EndGlobal
